PODS:
  - boost (1.76.0)
  - DoubleConversion (1.1.6)
  - FBLazyVector (0.70.5)
  - FBReactNativeSpec (0.70.5):
    - RCT-Folly (= 2021.07.22.00)
    - RCTRequired (= 0.70.5)
    - RCTTypeSafety (= 0.70.5)
    - React-Core (= 0.70.5)
    - React-jsi (= 0.70.5)
    - ReactCommon/turbomodule/core (= 0.70.5)
  - fmt (6.2.1)
  - glog (0.3.5)
  - Permission-PhotoLibrary (3.6.1):
    - RNPermissions
  - Permission-PhotoLibraryAddOnly (3.6.1):
    - RNPermissions
  - RCT-Folly (2021.07.22.00):
    - boost
    - DoubleConversion
    - fmt (~> 6.2.1)
    - glog
    - RCT-Folly/Default (= 2021.07.22.00)
  - RCT-Folly/Default (2021.07.22.00):
    - boost
    - DoubleConversion
    - fmt (~> 6.2.1)
    - glog
  - RCTRequired (0.70.5)
  - RCTTypeSafety (0.70.5):
    - FBLazyVector (= 0.70.5)
    - RCTRequired (= 0.70.5)
    - React-Core (= 0.70.5)
  - React (0.70.5):
    - React-Core (= 0.70.5)
    - React-Core/DevSupport (= 0.70.5)
    - React-Core/RCTWebSocket (= 0.70.5)
    - React-RCTActionSheet (= 0.70.5)
    - React-RCTAnimation (= 0.70.5)
    - React-RCTBlob (= 0.70.5)
    - React-RCTImage (= 0.70.5)
    - React-RCTLinking (= 0.70.5)
    - React-RCTNetwork (= 0.70.5)
    - React-RCTSettings (= 0.70.5)
    - React-RCTText (= 0.70.5)
    - React-RCTVibration (= 0.70.5)
  - React-bridging (0.70.5):
    - RCT-Folly (= 2021.07.22.00)
    - React-jsi (= 0.70.5)
  - React-callinvoker (0.70.5)
  - React-Codegen (0.70.5):
    - FBReactNativeSpec (= 0.70.5)
    - RCT-Folly (= 2021.07.22.00)
    - RCTRequired (= 0.70.5)
    - RCTTypeSafety (= 0.70.5)
    - React-Core (= 0.70.5)
    - React-jsi (= 0.70.5)
    - React-jsiexecutor (= 0.70.5)
    - ReactCommon/turbomodule/core (= 0.70.5)
  - React-Core (0.70.5):
    - glog
    - RCT-Folly (= 2021.07.22.00)
    - React-Core/Default (= 0.70.5)
    - React-cxxreact (= 0.70.5)
    - React-jsi (= 0.70.5)
    - React-jsiexecutor (= 0.70.5)
    - React-perflogger (= 0.70.5)
    - Yoga
  - React-Core/CoreModulesHeaders (0.70.5):
    - glog
    - RCT-Folly (= 2021.07.22.00)
    - React-Core/Default
    - React-cxxreact (= 0.70.5)
    - React-jsi (= 0.70.5)
    - React-jsiexecutor (= 0.70.5)
    - React-perflogger (= 0.70.5)
    - Yoga
  - React-Core/Default (0.70.5):
    - glog
    - RCT-Folly (= 2021.07.22.00)
    - React-cxxreact (= 0.70.5)
    - React-jsi (= 0.70.5)
    - React-jsiexecutor (= 0.70.5)
    - React-perflogger (= 0.70.5)
    - Yoga
  - React-Core/DevSupport (0.70.5):
    - glog
    - RCT-Folly (= 2021.07.22.00)
    - React-Core/Default (= 0.70.5)
    - React-Core/RCTWebSocket (= 0.70.5)
    - React-cxxreact (= 0.70.5)
    - React-jsi (= 0.70.5)
    - React-jsiexecutor (= 0.70.5)
    - React-jsinspector (= 0.70.5)
    - React-perflogger (= 0.70.5)
    - Yoga
  - React-Core/RCTActionSheetHeaders (0.70.5):
    - glog
    - RCT-Folly (= 2021.07.22.00)
    - React-Core/Default
    - React-cxxreact (= 0.70.5)
    - React-jsi (= 0.70.5)
    - React-jsiexecutor (= 0.70.5)
    - React-perflogger (= 0.70.5)
    - Yoga
  - React-Core/RCTAnimationHeaders (0.70.5):
    - glog
    - RCT-Folly (= 2021.07.22.00)
    - React-Core/Default
    - React-cxxreact (= 0.70.5)
    - React-jsi (= 0.70.5)
    - React-jsiexecutor (= 0.70.5)
    - React-perflogger (= 0.70.5)
    - Yoga
  - React-Core/RCTBlobHeaders (0.70.5):
    - glog
    - RCT-Folly (= 2021.07.22.00)
    - React-Core/Default
    - React-cxxreact (= 0.70.5)
    - React-jsi (= 0.70.5)
    - React-jsiexecutor (= 0.70.5)
    - React-perflogger (= 0.70.5)
    - Yoga
  - React-Core/RCTImageHeaders (0.70.5):
    - glog
    - RCT-Folly (= 2021.07.22.00)
    - React-Core/Default
    - React-cxxreact (= 0.70.5)
    - React-jsi (= 0.70.5)
    - React-jsiexecutor (= 0.70.5)
    - React-perflogger (= 0.70.5)
    - Yoga
  - React-Core/RCTLinkingHeaders (0.70.5):
    - glog
    - RCT-Folly (= 2021.07.22.00)
    - React-Core/Default
    - React-cxxreact (= 0.70.5)
    - React-jsi (= 0.70.5)
    - React-jsiexecutor (= 0.70.5)
    - React-perflogger (= 0.70.5)
    - Yoga
  - React-Core/RCTNetworkHeaders (0.70.5):
    - glog
    - RCT-Folly (= 2021.07.22.00)
    - React-Core/Default
    - React-cxxreact (= 0.70.5)
    - React-jsi (= 0.70.5)
    - React-jsiexecutor (= 0.70.5)
    - React-perflogger (= 0.70.5)
    - Yoga
  - React-Core/RCTSettingsHeaders (0.70.5):
    - glog
    - RCT-Folly (= 2021.07.22.00)
    - React-Core/Default
    - React-cxxreact (= 0.70.5)
    - React-jsi (= 0.70.5)
    - React-jsiexecutor (= 0.70.5)
    - React-perflogger (= 0.70.5)
    - Yoga
  - React-Core/RCTTextHeaders (0.70.5):
    - glog
    - RCT-Folly (= 2021.07.22.00)
    - React-Core/Default
    - React-cxxreact (= 0.70.5)
    - React-jsi (= 0.70.5)
    - React-jsiexecutor (= 0.70.5)
    - React-perflogger (= 0.70.5)
    - Yoga
  - React-Core/RCTVibrationHeaders (0.70.5):
    - glog
    - RCT-Folly (= 2021.07.22.00)
    - React-Core/Default
    - React-cxxreact (= 0.70.5)
    - React-jsi (= 0.70.5)
    - React-jsiexecutor (= 0.70.5)
    - React-perflogger (= 0.70.5)
    - Yoga
  - React-Core/RCTWebSocket (0.70.5):
    - glog
    - RCT-Folly (= 2021.07.22.00)
    - React-Core/Default (= 0.70.5)
    - React-cxxreact (= 0.70.5)
    - React-jsi (= 0.70.5)
    - React-jsiexecutor (= 0.70.5)
    - React-perflogger (= 0.70.5)
    - Yoga
  - React-CoreModules (0.70.5):
    - RCT-Folly (= 2021.07.22.00)
    - RCTTypeSafety (= 0.70.5)
    - React-Codegen (= 0.70.5)
    - React-Core/CoreModulesHeaders (= 0.70.5)
    - React-jsi (= 0.70.5)
    - React-RCTImage (= 0.70.5)
    - ReactCommon/turbomodule/core (= 0.70.5)
  - React-cxxreact (0.70.5):
    - boost (= 1.76.0)
    - DoubleConversion
    - glog
    - RCT-Folly (= 2021.07.22.00)
    - React-callinvoker (= 0.70.5)
    - React-jsi (= 0.70.5)
    - React-jsinspector (= 0.70.5)
    - React-logger (= 0.70.5)
    - React-perflogger (= 0.70.5)
    - React-runtimeexecutor (= 0.70.5)
  - React-jsi (0.70.5):
    - boost (= 1.76.0)
    - DoubleConversion
    - glog
    - RCT-Folly (= 2021.07.22.00)
    - React-jsi/Default (= 0.70.5)
  - React-jsi/Default (0.70.5):
    - boost (= 1.76.0)
    - DoubleConversion
    - glog
    - RCT-Folly (= 2021.07.22.00)
  - React-jsiexecutor (0.70.5):
    - DoubleConversion
    - glog
    - RCT-Folly (= 2021.07.22.00)
    - React-cxxreact (= 0.70.5)
    - React-jsi (= 0.70.5)
    - React-perflogger (= 0.70.5)
  - React-jsinspector (0.70.5)
  - React-logger (0.70.5):
    - glog
  - react-native-biometrics (3.0.1):
    - React-Core
  - react-native-blob-util (0.17.0):
    - React-Core
  - react-native-blur (4.3.0):
    - React-Core
  - react-native-cameraroll (5.1.0):
    - React-Core
  - react-native-cookies (6.2.1):
    - React-Core
  - react-native-get-random-values (1.8.0):
    - React-Core
  - react-native-pdf (6.6.2):
    - React-Core
  - react-native-safe-area-context (4.4.1):
    - RCT-Folly
    - RCTRequired
    - RCTTypeSafety
    - React-Core
    - ReactCommon/turbomodule/core
  - react-native-version-number (0.3.6):
    - React
  - react-native-view-shot (3.5.0):
    - React-Core
  - react-native-webview (11.23.1):
    - React-Core
  - React-perflogger (0.70.5)
  - React-RCTActionSheet (0.70.5):
    - React-Core/RCTActionSheetHeaders (= 0.70.5)
  - React-RCTAnimation (0.70.5):
    - RCT-Folly (= 2021.07.22.00)
    - RCTTypeSafety (= 0.70.5)
    - React-Codegen (= 0.70.5)
    - React-Core/RCTAnimationHeaders (= 0.70.5)
    - React-jsi (= 0.70.5)
    - ReactCommon/turbomodule/core (= 0.70.5)
  - React-RCTBlob (0.70.5):
    - RCT-Folly (= 2021.07.22.00)
    - React-Codegen (= 0.70.5)
    - React-Core/RCTBlobHeaders (= 0.70.5)
    - React-Core/RCTWebSocket (= 0.70.5)
    - React-jsi (= 0.70.5)
    - React-RCTNetwork (= 0.70.5)
    - ReactCommon/turbomodule/core (= 0.70.5)
  - React-RCTImage (0.70.5):
    - RCT-Folly (= 2021.07.22.00)
    - RCTTypeSafety (= 0.70.5)
    - React-Codegen (= 0.70.5)
    - React-Core/RCTImageHeaders (= 0.70.5)
    - React-jsi (= 0.70.5)
    - React-RCTNetwork (= 0.70.5)
    - ReactCommon/turbomodule/core (= 0.70.5)
  - React-RCTLinking (0.70.5):
    - React-Codegen (= 0.70.5)
    - React-Core/RCTLinkingHeaders (= 0.70.5)
    - React-jsi (= 0.70.5)
    - ReactCommon/turbomodule/core (= 0.70.5)
  - React-RCTNetwork (0.70.5):
    - RCT-Folly (= 2021.07.22.00)
    - RCTTypeSafety (= 0.70.5)
    - React-Codegen (= 0.70.5)
    - React-Core/RCTNetworkHeaders (= 0.70.5)
    - React-jsi (= 0.70.5)
    - ReactCommon/turbomodule/core (= 0.70.5)
  - React-RCTSettings (0.70.5):
    - RCT-Folly (= 2021.07.22.00)
    - RCTTypeSafety (= 0.70.5)
    - React-Codegen (= 0.70.5)
    - React-Core/RCTSettingsHeaders (= 0.70.5)
    - React-jsi (= 0.70.5)
    - ReactCommon/turbomodule/core (= 0.70.5)
  - React-RCTText (0.70.5):
    - React-Core/RCTTextHeaders (= 0.70.5)
  - React-RCTVibration (0.70.5):
    - RCT-Folly (= 2021.07.22.00)
    - React-Codegen (= 0.70.5)
    - React-Core/RCTVibrationHeaders (= 0.70.5)
    - React-jsi (= 0.70.5)
    - ReactCommon/turbomodule/core (= 0.70.5)
  - React-runtimeexecutor (0.70.5):
    - React-jsi (= 0.70.5)
  - ReactCommon/turbomodule/core (0.70.5):
    - DoubleConversion
    - glog
    - RCT-Folly (= 2021.07.22.00)
    - React-bridging (= 0.70.5)
    - React-callinvoker (= 0.70.5)
    - React-Core (= 0.70.5)
    - React-cxxreact (= 0.70.5)
    - React-jsi (= 0.70.5)
    - React-logger (= 0.70.5)
    - React-perflogger (= 0.70.5)
  - RNCAsyncStorage (1.17.11):
    - React-Core
  - RNDeviceInfo (10.3.0):
    - React-Core
  - RNFS (2.20.0):
    - React-Core
  - RNGestureHandler (2.8.0):
    - React-Core
  - RNKeychain (4.0.5):
    - React
  - RNLocalize (2.2.4):
    - React-Core
  - RNPermissions (3.6.1):
    - React-Core
  - RNReanimated (3.0.0-rc.4):
    - DoubleConversion
    - FBLazyVector
    - FBReactNativeSpec
    - glog
    - RCT-Folly
    - RCTRequired
    - RCTTypeSafety
    - React-callinvoker
    - React-Core
    - React-Core/DevSupport
    - React-Core/RCTWebSocket
    - React-CoreModules
    - React-cxxreact
    - React-jsi
    - React-jsiexecutor
    - React-jsinspector
    - React-RCTActionSheet
    - React-RCTAnimation
    - React-RCTBlob
    - React-RCTImage
    - React-RCTLinking
    - React-RCTNetwork
    - React-RCTSettings
    - React-RCTText
    - ReactCommon/turbomodule/core
    - Yoga
  - RNScreens (3.18.2):
    - React-Core
    - React-RCTImage
  - RNSnackbar (2.4.0):
    - React-Core
  - RNSVG (13.5.0):
    - React-Core
  - Yoga (1.14.0)

DEPENDENCIES:
  - boost (from `../node_modules/react-native/third-party-podspecs/boost.podspec`)
  - DoubleConversion (from `../node_modules/react-native/third-party-podspecs/DoubleConversion.podspec`)
  - FBLazyVector (from `../node_modules/react-native/Libraries/FBLazyVector`)
  - FBReactNativeSpec (from `../node_modules/react-native/React/FBReactNativeSpec`)
  - glog (from `../node_modules/react-native/third-party-podspecs/glog.podspec`)
  - Permission-PhotoLibrary (from `../node_modules/react-native-permissions/ios/PhotoLibrary`)
  - Permission-PhotoLibraryAddOnly (from `../node_modules/react-native-permissions/ios/PhotoLibraryAddOnly`)
  - RCT-Folly (from `../node_modules/react-native/third-party-podspecs/RCT-Folly.podspec`)
  - RCTRequired (from `../node_modules/react-native/Libraries/RCTRequired`)
  - RCTTypeSafety (from `../node_modules/react-native/Libraries/TypeSafety`)
  - React (from `../node_modules/react-native/`)
  - React-bridging (from `../node_modules/react-native/ReactCommon`)
  - React-callinvoker (from `../node_modules/react-native/ReactCommon/callinvoker`)
  - React-Codegen (from `build/generated/ios`)
  - React-Core (from `../node_modules/react-native/`)
  - React-Core/RCTWebSocket (from `../node_modules/react-native/`)
  - React-CoreModules (from `../node_modules/react-native/React/CoreModules`)
  - React-cxxreact (from `../node_modules/react-native/ReactCommon/cxxreact`)
  - React-jsi (from `../node_modules/react-native/ReactCommon/jsi`)
  - React-jsiexecutor (from `../node_modules/react-native/ReactCommon/jsiexecutor`)
  - React-jsinspector (from `../node_modules/react-native/ReactCommon/jsinspector`)
  - React-logger (from `../node_modules/react-native/ReactCommon/logger`)
  - react-native-biometrics (from `../node_modules/react-native-biometrics`)
  - react-native-blob-util (from `../node_modules/react-native-blob-util`)
  - "react-native-blur (from `../node_modules/@react-native-community/blur`)"
  - "react-native-cameraroll (from `../node_modules/@react-native-camera-roll/camera-roll`)"
  - "react-native-cookies (from `../node_modules/@react-native-cookies/cookies`)"
  - react-native-get-random-values (from `../node_modules/react-native-get-random-values`)
  - react-native-pdf (from `../node_modules/react-native-pdf`)
  - react-native-safe-area-context (from `../node_modules/react-native-safe-area-context`)
  - react-native-version-number (from `../node_modules/react-native-version-number`)
  - react-native-view-shot (from `../node_modules/react-native-view-shot`)
  - react-native-webview (from `../node_modules/react-native-webview`)
  - React-perflogger (from `../node_modules/react-native/ReactCommon/reactperflogger`)
  - React-RCTActionSheet (from `../node_modules/react-native/Libraries/ActionSheetIOS`)
  - React-RCTAnimation (from `../node_modules/react-native/Libraries/NativeAnimation`)
  - React-RCTBlob (from `../node_modules/react-native/Libraries/Blob`)
  - React-RCTImage (from `../node_modules/react-native/Libraries/Image`)
  - React-RCTLinking (from `../node_modules/react-native/Libraries/LinkingIOS`)
  - React-RCTNetwork (from `../node_modules/react-native/Libraries/Network`)
  - React-RCTSettings (from `../node_modules/react-native/Libraries/Settings`)
  - React-RCTText (from `../node_modules/react-native/Libraries/Text`)
  - React-RCTVibration (from `../node_modules/react-native/Libraries/Vibration`)
  - React-runtimeexecutor (from `../node_modules/react-native/ReactCommon/runtimeexecutor`)
  - ReactCommon/turbomodule/core (from `../node_modules/react-native/ReactCommon`)
  - "RNCAsyncStorage (from `../node_modules/@react-native-async-storage/async-storage`)"
  - RNDeviceInfo (from `../node_modules/react-native-device-info`)
  - RNFS (from `../node_modules/react-native-fs`)
  - RNGestureHandler (from `../node_modules/react-native-gesture-handler`)
  - RNKeychain (from `../node_modules/react-native-keychain`)
  - RNLocalize (from `../node_modules/react-native-localize`)
  - RNPermissions (from `../node_modules/react-native-permissions`)
  - RNReanimated (from `../node_modules/react-native-reanimated`)
  - RNScreens (from `../node_modules/react-native-screens`)
  - RNSnackbar (from `../node_modules/react-native-snackbar`)
  - RNSVG (from `../node_modules/react-native-svg`)
  - Yoga (from `../node_modules/react-native/ReactCommon/yoga`)

SPEC REPOS:
  trunk:
    - fmt

EXTERNAL SOURCES:
  boost:
    :podspec: "../node_modules/react-native/third-party-podspecs/boost.podspec"
  DoubleConversion:
    :podspec: "../node_modules/react-native/third-party-podspecs/DoubleConversion.podspec"
  FBLazyVector:
    :path: "../node_modules/react-native/Libraries/FBLazyVector"
  FBReactNativeSpec:
    :path: "../node_modules/react-native/React/FBReactNativeSpec"
  glog:
    :podspec: "../node_modules/react-native/third-party-podspecs/glog.podspec"
  Permission-PhotoLibrary:
    :path: "../node_modules/react-native-permissions/ios/PhotoLibrary"
  Permission-PhotoLibraryAddOnly:
    :path: "../node_modules/react-native-permissions/ios/PhotoLibraryAddOnly"
  RCT-Folly:
    :podspec: "../node_modules/react-native/third-party-podspecs/RCT-Folly.podspec"
  RCTRequired:
    :path: "../node_modules/react-native/Libraries/RCTRequired"
  RCTTypeSafety:
    :path: "../node_modules/react-native/Libraries/TypeSafety"
  React:
    :path: "../node_modules/react-native/"
  React-bridging:
    :path: "../node_modules/react-native/ReactCommon"
  React-callinvoker:
    :path: "../node_modules/react-native/ReactCommon/callinvoker"
  React-Codegen:
    :path: build/generated/ios
  React-Core:
    :path: "../node_modules/react-native/"
  React-CoreModules:
    :path: "../node_modules/react-native/React/CoreModules"
  React-cxxreact:
    :path: "../node_modules/react-native/ReactCommon/cxxreact"
  React-jsi:
    :path: "../node_modules/react-native/ReactCommon/jsi"
  React-jsiexecutor:
    :path: "../node_modules/react-native/ReactCommon/jsiexecutor"
  React-jsinspector:
    :path: "../node_modules/react-native/ReactCommon/jsinspector"
  React-logger:
    :path: "../node_modules/react-native/ReactCommon/logger"
  react-native-biometrics:
    :path: "../node_modules/react-native-biometrics"
  react-native-blob-util:
    :path: "../node_modules/react-native-blob-util"
  react-native-blur:
    :path: "../node_modules/@react-native-community/blur"
  react-native-cameraroll:
    :path: "../node_modules/@react-native-camera-roll/camera-roll"
  react-native-cookies:
    :path: "../node_modules/@react-native-cookies/cookies"
  react-native-get-random-values:
    :path: "../node_modules/react-native-get-random-values"
  react-native-pdf:
    :path: "../node_modules/react-native-pdf"
  react-native-safe-area-context:
    :path: "../node_modules/react-native-safe-area-context"
  react-native-version-number:
    :path: "../node_modules/react-native-version-number"
  react-native-view-shot:
    :path: "../node_modules/react-native-view-shot"
  react-native-webview:
    :path: "../node_modules/react-native-webview"
  React-perflogger:
    :path: "../node_modules/react-native/ReactCommon/reactperflogger"
  React-RCTActionSheet:
    :path: "../node_modules/react-native/Libraries/ActionSheetIOS"
  React-RCTAnimation:
    :path: "../node_modules/react-native/Libraries/NativeAnimation"
  React-RCTBlob:
    :path: "../node_modules/react-native/Libraries/Blob"
  React-RCTImage:
    :path: "../node_modules/react-native/Libraries/Image"
  React-RCTLinking:
    :path: "../node_modules/react-native/Libraries/LinkingIOS"
  React-RCTNetwork:
    :path: "../node_modules/react-native/Libraries/Network"
  React-RCTSettings:
    :path: "../node_modules/react-native/Libraries/Settings"
  React-RCTText:
    :path: "../node_modules/react-native/Libraries/Text"
  React-RCTVibration:
    :path: "../node_modules/react-native/Libraries/Vibration"
  React-runtimeexecutor:
    :path: "../node_modules/react-native/ReactCommon/runtimeexecutor"
  ReactCommon:
    :path: "../node_modules/react-native/ReactCommon"
  RNCAsyncStorage:
    :path: "../node_modules/@react-native-async-storage/async-storage"
  RNDeviceInfo:
    :path: "../node_modules/react-native-device-info"
  RNFS:
    :path: "../node_modules/react-native-fs"
  RNGestureHandler:
    :path: "../node_modules/react-native-gesture-handler"
  RNKeychain:
    :path: "../node_modules/react-native-keychain"
  RNLocalize:
    :path: "../node_modules/react-native-localize"
  RNPermissions:
    :path: "../node_modules/react-native-permissions"
  RNReanimated:
    :path: "../node_modules/react-native-reanimated"
  RNScreens:
    :path: "../node_modules/react-native-screens"
  RNSnackbar:
    :path: "../node_modules/react-native-snackbar"
  RNSVG:
    :path: "../node_modules/react-native-svg"
  Yoga:
    :path: "../node_modules/react-native/ReactCommon/yoga"

SPEC CHECKSUMS:
  boost: a7c83b31436843459a1961bfd74b96033dc77234
  DoubleConversion: 5189b271737e1565bdce30deb4a08d647e3f5f54
  FBLazyVector: affa4ba1bfdaac110a789192f4d452b053a86624
  FBReactNativeSpec: fe8b5f1429cfe83a8d72dc8ed61dc7704cac8745
  fmt: ff9d55029c625d3757ed641535fd4a75fedc7ce9
  glog: 04b94705f318337d7ead9e6d17c019bd9b1f6b1b
  Permission-PhotoLibrary: 5b34ca67279f7201ae109cef36f9806a6596002d
  Permission-PhotoLibraryAddOnly: 6dba8924024e239af2e282daa8a88967679b4983
  RCT-Folly: 0080d0a6ebf2577475bda044aa59e2ca1f909cda
  RCTRequired: 21229f84411088e5d8538f21212de49e46cc83e2
  RCTTypeSafety: 62eed57a32924b09edaaf170a548d1fc96223086
  React: f0254ccddeeef1defe66c6b1bb9133a4f040792b
  React-bridging: e46911666b7ec19538a620a221d6396cd293d687
  React-callinvoker: 66b62e2c34546546b2f21ab0b7670346410a2b53
  React-Codegen: b6999435966df3bdf82afa3f319ba0d6f9a8532a
  React-Core: dabbc9d1fe0a11d884e6ee1599789cf8eb1058a5
  React-CoreModules: 5b6b7668f156f73a56420df9ec68ca2ec8f2e818
  React-cxxreact: c7ca2baee46db22a30fce9e639277add3c3f6ad1
  React-jsi: a565dcb49130ed20877a9bb1105ffeecbb93d02d
  React-jsiexecutor: 31564fa6912459921568e8b0e49024285a4d584b
  React-jsinspector: badd81696361249893a80477983e697aab3c1a34
  React-logger: fdda34dd285bdb0232e059b19d9606fa0ec3bb9c
  react-native-biometrics: 352e5a794bfffc46a0c86725ea7dc62deb085bdc
  react-native-blob-util: f9dfda9077e57129b444a33e3c51f7785b2a075f
  react-native-blur: 50c9feabacbc5f49b61337ebc32192c6be7ec3c3
  react-native-cameraroll: a40b082318eb1ecd0336a2f29d9f74b7f2c8cae8
  react-native-cookies: f54fcded06bb0cda05c11d86788020b43528a26c
  react-native-get-random-values: a6ea6a8a65dc93e96e24a11105b1a9c8cfe1d72a
  react-native-pdf: 33c622cbdf776a649929e8b9d1ce2d313347c4fa
  react-native-safe-area-context: 99b24a0c5acd0d5dcac2b1a7f18c49ea317be99a
  react-native-version-number: b415bbec6a13f2df62bf978e85bc0d699462f37f
  react-native-view-shot: 792829857bbb23a9c8acdad9a640554bdee397a3
  react-native-webview: d33e2db8925d090871ffeb232dfa50cb3a727581
  React-perflogger: e68d3795cf5d247a0379735cbac7309adf2fb931
  React-RCTActionSheet: 05452c3b281edb27850253db13ecd4c5a65bc247
  React-RCTAnimation: 578eebac706428e68466118e84aeacf3a282b4da
  React-RCTBlob: f47a0aa61e7d1fb1a0e13da832b0da934939d71a
  React-RCTImage: 60f54b66eed65d86b6dffaf4733d09161d44929d
  React-RCTLinking: 91073205aeec4b29450ca79b709277319368ac9e
  React-RCTNetwork: ca91f2c9465a7e335c8a5fae731fd7f10572213b
  React-RCTSettings: 1a9a5d01337d55c18168c1abe0f4a589167d134a
  React-RCTText: c591e8bd9347a294d8416357ca12d779afec01d5
  React-RCTVibration: 8e5c8c5d17af641f306d7380d8d0fe9b3c142c48
  React-runtimeexecutor: 7401c4a40f8728fd89df4a56104541b760876117
  ReactCommon: c9246996e73bf75a2c6c3ff15f1e16707cdc2da9
  RNCAsyncStorage: 8616bd5a58af409453ea4e1b246521bb76578d60
  RNDeviceInfo: 4701f0bf2a06b34654745053db0ce4cb0c53ada7
  RNFS: 4ac0f0ea233904cb798630b3c077808c06931688
  RNGestureHandler: 62232ba8f562f7dea5ba1b3383494eb5bf97a4d3
  RNKeychain: 840f8e6f13be0576202aefcdffd26a4f54bfe7b5
  RNLocalize: 0df7970cfc60389f00eb62fd7c097dc75af3fb4f
  RNPermissions: dcdb7b99796bbeda6975a6e79ad519c41b251b1c
  RNReanimated: 9d50cc094df0b3846db3a7954208b466d342ca7d
  RNScreens: 34cc502acf1b916c582c60003dc3089fa01dc66d
  RNSnackbar: be3333a21a453ccc272f41a8add5a71f7d44dfcd
  RNSVG: 38ca962c970dbce1ca38991a5aebf26d163f9efb
  Yoga: eca980a5771bf114c41a754098cd85e6e0d90ed7

PODFILE CHECKSUM: c1206eedf86132848bc5f2d12c87a37edfc6a9d3

COCOAPODS: 1.11.3
