PODS:
  - boost (1.76.0)
  - DoubleConversion (1.1.6)
  - FBLazyVector (0.71.6)
  - FBReactNativeSpec (0.71.6):
    - RCT-Folly (= 2021.07.22.00)
    - RCTRequired (= 0.71.6)
    - RCTTypeSafety (= 0.71.6)
    - React-Core (= 0.71.6)
    - React-jsi (= 0.71.6)
    - ReactCommon/turbomodule/core (= 0.71.6)
  - fmt (6.2.1)
  - glog (0.3.5)
  - hermes-engine (0.71.6):
    - hermes-engine/Pre-built (= 0.71.6)
  - hermes-engine/Pre-built (0.71.6)
  - libevent (2.1.12)
  - Permission-PhotoLibrary (3.8.0):
    - RNPermissions
  - Permission-PhotoLibraryAddOnly (3.8.0):
    - RNPermissions
  - RCT-Folly (2021.07.22.00):
    - boost
    - DoubleConversion
    - fmt (~> 6.2.1)
    - glog
    - RCT-Folly/Default (= 2021.07.22.00)
  - RCT-Folly/Default (2021.07.22.00):
    - boost
    - DoubleConversion
    - fmt (~> 6.2.1)
    - glog
  - RCT-Folly/Futures (2021.07.22.00):
    - boost
    - DoubleConversion
    - fmt (~> 6.2.1)
    - glog
    - libevent
  - RCTRequired (0.71.6)
  - RCTTypeSafety (0.71.6):
    - FBLazyVector (= 0.71.6)
    - RCTRequired (= 0.71.6)
    - React-Core (= 0.71.6)
  - React (0.71.6):
    - React-Core (= 0.71.6)
    - React-Core/DevSupport (= 0.71.6)
    - React-Core/RCTWebSocket (= 0.71.6)
    - React-RCTActionSheet (= 0.71.6)
    - React-RCTAnimation (= 0.71.6)
    - React-RCTBlob (= 0.71.6)
    - React-RCTImage (= 0.71.6)
    - React-RCTLinking (= 0.71.6)
    - React-RCTNetwork (= 0.71.6)
    - React-RCTSettings (= 0.71.6)
    - React-RCTText (= 0.71.6)
    - React-RCTVibration (= 0.71.6)
  - React-callinvoker (0.71.6)
  - React-Codegen (0.71.6):
    - FBReactNativeSpec
    - hermes-engine
    - RCT-Folly
    - RCTRequired
    - RCTTypeSafety
    - React-Core
    - React-jsi
    - React-jsiexecutor
    - ReactCommon/turbomodule/bridging
    - ReactCommon/turbomodule/core
  - React-Core (0.71.6):
    - glog
    - hermes-engine
    - RCT-Folly (= 2021.07.22.00)
    - React-Core/Default (= 0.71.6)
    - React-cxxreact (= 0.71.6)
    - React-hermes
    - React-jsi (= 0.71.6)
    - React-jsiexecutor (= 0.71.6)
    - React-perflogger (= 0.71.6)
    - Yoga
  - React-Core/CoreModulesHeaders (0.71.6):
    - glog
    - hermes-engine
    - RCT-Folly (= 2021.07.22.00)
    - React-Core/Default
    - React-cxxreact (= 0.71.6)
    - React-hermes
    - React-jsi (= 0.71.6)
    - React-jsiexecutor (= 0.71.6)
    - React-perflogger (= 0.71.6)
    - Yoga
  - React-Core/Default (0.71.6):
    - glog
    - hermes-engine
    - RCT-Folly (= 2021.07.22.00)
    - React-cxxreact (= 0.71.6)
    - React-hermes
    - React-jsi (= 0.71.6)
    - React-jsiexecutor (= 0.71.6)
    - React-perflogger (= 0.71.6)
    - Yoga
  - React-Core/DevSupport (0.71.6):
    - glog
    - hermes-engine
    - RCT-Folly (= 2021.07.22.00)
    - React-Core/Default (= 0.71.6)
    - React-Core/RCTWebSocket (= 0.71.6)
    - React-cxxreact (= 0.71.6)
    - React-hermes
    - React-jsi (= 0.71.6)
    - React-jsiexecutor (= 0.71.6)
    - React-jsinspector (= 0.71.6)
    - React-perflogger (= 0.71.6)
    - Yoga
  - React-Core/RCTActionSheetHeaders (0.71.6):
    - glog
    - hermes-engine
    - RCT-Folly (= 2021.07.22.00)
    - React-Core/Default
    - React-cxxreact (= 0.71.6)
    - React-hermes
    - React-jsi (= 0.71.6)
    - React-jsiexecutor (= 0.71.6)
    - React-perflogger (= 0.71.6)
    - Yoga
  - React-Core/RCTAnimationHeaders (0.71.6):
    - glog
    - hermes-engine
    - RCT-Folly (= 2021.07.22.00)
    - React-Core/Default
    - React-cxxreact (= 0.71.6)
    - React-hermes
    - React-jsi (= 0.71.6)
    - React-jsiexecutor (= 0.71.6)
    - React-perflogger (= 0.71.6)
    - Yoga
  - React-Core/RCTBlobHeaders (0.71.6):
    - glog
    - hermes-engine
    - RCT-Folly (= 2021.07.22.00)
    - React-Core/Default
    - React-cxxreact (= 0.71.6)
    - React-hermes
    - React-jsi (= 0.71.6)
    - React-jsiexecutor (= 0.71.6)
    - React-perflogger (= 0.71.6)
    - Yoga
  - React-Core/RCTImageHeaders (0.71.6):
    - glog
    - hermes-engine
    - RCT-Folly (= 2021.07.22.00)
    - React-Core/Default
    - React-cxxreact (= 0.71.6)
    - React-hermes
    - React-jsi (= 0.71.6)
    - React-jsiexecutor (= 0.71.6)
    - React-perflogger (= 0.71.6)
    - Yoga
  - React-Core/RCTLinkingHeaders (0.71.6):
    - glog
    - hermes-engine
    - RCT-Folly (= 2021.07.22.00)
    - React-Core/Default
    - React-cxxreact (= 0.71.6)
    - React-hermes
    - React-jsi (= 0.71.6)
    - React-jsiexecutor (= 0.71.6)
    - React-perflogger (= 0.71.6)
    - Yoga
  - React-Core/RCTNetworkHeaders (0.71.6):
    - glog
    - hermes-engine
    - RCT-Folly (= 2021.07.22.00)
    - React-Core/Default
    - React-cxxreact (= 0.71.6)
    - React-hermes
    - React-jsi (= 0.71.6)
    - React-jsiexecutor (= 0.71.6)
    - React-perflogger (= 0.71.6)
    - Yoga
  - React-Core/RCTSettingsHeaders (0.71.6):
    - glog
    - hermes-engine
    - RCT-Folly (= 2021.07.22.00)
    - React-Core/Default
    - React-cxxreact (= 0.71.6)
    - React-hermes
    - React-jsi (= 0.71.6)
    - React-jsiexecutor (= 0.71.6)
    - React-perflogger (= 0.71.6)
    - Yoga
  - React-Core/RCTTextHeaders (0.71.6):
    - glog
    - hermes-engine
    - RCT-Folly (= 2021.07.22.00)
    - React-Core/Default
    - React-cxxreact (= 0.71.6)
    - React-hermes
    - React-jsi (= 0.71.6)
    - React-jsiexecutor (= 0.71.6)
    - React-perflogger (= 0.71.6)
    - Yoga
  - React-Core/RCTVibrationHeaders (0.71.6):
    - glog
    - hermes-engine
    - RCT-Folly (= 2021.07.22.00)
    - React-Core/Default
    - React-cxxreact (= 0.71.6)
    - React-hermes
    - React-jsi (= 0.71.6)
    - React-jsiexecutor (= 0.71.6)
    - React-perflogger (= 0.71.6)
    - Yoga
  - React-Core/RCTWebSocket (0.71.6):
    - glog
    - hermes-engine
    - RCT-Folly (= 2021.07.22.00)
    - React-Core/Default (= 0.71.6)
    - React-cxxreact (= 0.71.6)
    - React-hermes
    - React-jsi (= 0.71.6)
    - React-jsiexecutor (= 0.71.6)
    - React-perflogger (= 0.71.6)
    - Yoga
  - React-CoreModules (0.71.6):
    - RCT-Folly (= 2021.07.22.00)
    - RCTTypeSafety (= 0.71.6)
    - React-Codegen (= 0.71.6)
    - React-Core/CoreModulesHeaders (= 0.71.6)
    - React-jsi (= 0.71.6)
    - React-RCTBlob
    - React-RCTImage (= 0.71.6)
    - ReactCommon/turbomodule/core (= 0.71.6)
  - React-cxxreact (0.71.6):
    - boost (= 1.76.0)
    - DoubleConversion
    - glog
    - hermes-engine
    - RCT-Folly (= 2021.07.22.00)
    - React-callinvoker (= 0.71.6)
    - React-jsi (= 0.71.6)
    - React-jsinspector (= 0.71.6)
    - React-logger (= 0.71.6)
    - React-perflogger (= 0.71.6)
    - React-runtimeexecutor (= 0.71.6)
  - React-hermes (0.71.6):
    - DoubleConversion
    - glog
    - hermes-engine
    - RCT-Folly (= 2021.07.22.00)
    - RCT-Folly/Futures (= 2021.07.22.00)
    - React-cxxreact (= 0.71.6)
    - React-jsi
    - React-jsiexecutor (= 0.71.6)
    - React-jsinspector (= 0.71.6)
    - React-perflogger (= 0.71.6)
  - React-jsi (0.71.6):
    - boost (= 1.76.0)
    - DoubleConversion
    - glog
    - hermes-engine
    - RCT-Folly (= 2021.07.22.00)
  - React-jsiexecutor (0.71.6):
    - DoubleConversion
    - glog
    - hermes-engine
    - RCT-Folly (= 2021.07.22.00)
    - React-cxxreact (= 0.71.6)
    - React-jsi (= 0.71.6)
    - React-perflogger (= 0.71.6)
  - React-jsinspector (0.71.6)
  - React-logger (0.71.6):
    - glog
  - react-native-biometrics (3.0.1):
    - React-Core
  - react-native-blob-util (0.17.3):
    - React-Core
  - react-native-blur (4.3.0):
    - React-Core
  - react-native-cameraroll (5.3.1):
    - React-Core
  - react-native-cookies (6.2.1):
    - React-Core
  - react-native-get-random-values (1.8.0):
    - React-Core
  - react-native-pdf (6.6.2):
    - React-Core
  - react-native-safe-area-context (4.5.0):
    - RCT-Folly
    - RCTRequired
    - RCTTypeSafety
    - React-Core
    - ReactCommon/turbomodule/core
  - react-native-slider (4.4.2):
    - React-Core
  - react-native-version-number (0.3.6):
    - React
  - react-native-view-shot (3.6.0):
    - React-Core
  - react-native-webview (12.0.0):
    - React-Core
  - React-perflogger (0.71.6)
  - React-RCTActionSheet (0.71.6):
    - React-Core/RCTActionSheetHeaders (= 0.71.6)
  - React-RCTAnimation (0.71.6):
    - RCT-Folly (= 2021.07.22.00)
    - RCTTypeSafety (= 0.71.6)
    - React-Codegen (= 0.71.6)
    - React-Core/RCTAnimationHeaders (= 0.71.6)
    - React-jsi (= 0.71.6)
    - ReactCommon/turbomodule/core (= 0.71.6)
  - React-RCTAppDelegate (0.71.6):
    - RCT-Folly
    - RCTRequired
    - RCTTypeSafety
    - React-Core
    - ReactCommon/turbomodule/core
  - React-RCTBlob (0.71.6):
    - hermes-engine
    - RCT-Folly (= 2021.07.22.00)
    - React-Codegen (= 0.71.6)
    - React-Core/RCTBlobHeaders (= 0.71.6)
    - React-Core/RCTWebSocket (= 0.71.6)
    - React-jsi (= 0.71.6)
    - React-RCTNetwork (= 0.71.6)
    - ReactCommon/turbomodule/core (= 0.71.6)
  - React-RCTImage (0.71.6):
    - RCT-Folly (= 2021.07.22.00)
    - RCTTypeSafety (= 0.71.6)
    - React-Codegen (= 0.71.6)
    - React-Core/RCTImageHeaders (= 0.71.6)
    - React-jsi (= 0.71.6)
    - React-RCTNetwork (= 0.71.6)
    - ReactCommon/turbomodule/core (= 0.71.6)
  - React-RCTLinking (0.71.6):
    - React-Codegen (= 0.71.6)
    - React-Core/RCTLinkingHeaders (= 0.71.6)
    - React-jsi (= 0.71.6)
    - ReactCommon/turbomodule/core (= 0.71.6)
  - React-RCTNetwork (0.71.6):
    - RCT-Folly (= 2021.07.22.00)
    - RCTTypeSafety (= 0.71.6)
    - React-Codegen (= 0.71.6)
    - React-Core/RCTNetworkHeaders (= 0.71.6)
    - React-jsi (= 0.71.6)
    - ReactCommon/turbomodule/core (= 0.71.6)
  - React-RCTSettings (0.71.6):
    - RCT-Folly (= 2021.07.22.00)
    - RCTTypeSafety (= 0.71.6)
    - React-Codegen (= 0.71.6)
    - React-Core/RCTSettingsHeaders (= 0.71.6)
    - React-jsi (= 0.71.6)
    - ReactCommon/turbomodule/core (= 0.71.6)
  - React-RCTText (0.71.6):
    - React-Core/RCTTextHeaders (= 0.71.6)
  - React-RCTVibration (0.71.6):
    - RCT-Folly (= 2021.07.22.00)
    - React-Codegen (= 0.71.6)
    - React-Core/RCTVibrationHeaders (= 0.71.6)
    - React-jsi (= 0.71.6)
    - ReactCommon/turbomodule/core (= 0.71.6)
  - React-runtimeexecutor (0.71.6):
    - React-jsi (= 0.71.6)
  - ReactCommon/turbomodule/bridging (0.71.6):
    - DoubleConversion
    - glog
    - hermes-engine
    - RCT-Folly (= 2021.07.22.00)
    - React-callinvoker (= 0.71.6)
    - React-Core (= 0.71.6)
    - React-cxxreact (= 0.71.6)
    - React-jsi (= 0.71.6)
    - React-logger (= 0.71.6)
    - React-perflogger (= 0.71.6)
  - ReactCommon/turbomodule/core (0.71.6):
    - DoubleConversion
    - glog
    - hermes-engine
    - RCT-Folly (= 2021.07.22.00)
    - React-callinvoker (= 0.71.6)
    - React-Core (= 0.71.6)
    - React-cxxreact (= 0.71.6)
    - React-jsi (= 0.71.6)
    - React-logger (= 0.71.6)
    - React-perflogger (= 0.71.6)
  - RNCAsyncStorage (1.18.1):
    - React-Core
  - RNDeviceInfo (10.5.1):
    - React-Core
  - RNDeviceTimeFormat (2.0.0):
    - React-Core
  - RNFS (2.20.0):
    - React-Core
  - RNGestureHandler (2.9.0):
    - React-Core
  - RNKeychain (4.0.5):
    - React
  - RNLocalize (2.2.6):
    - React-Core
  - RNPermissions (3.8.0):
    - React-Core
  - RNReanimated (3.0.2):
    - DoubleConversion
    - FBLazyVector
    - FBReactNativeSpec
    - glog
    - RCT-Folly
    - RCTRequired
    - RCTTypeSafety
    - React-callinvoker
    - React-Core
    - React-Core/DevSupport
    - React-Core/RCTWebSocket
    - React-CoreModules
    - React-cxxreact
    - React-jsi
    - React-jsiexecutor
    - React-jsinspector
    - React-RCTActionSheet
    - React-RCTAnimation
    - React-RCTBlob
    - React-RCTImage
    - React-RCTLinking
    - React-RCTNetwork
    - React-RCTSettings
    - React-RCTText
    - ReactCommon/turbomodule/core
    - Yoga
  - RNScreens (3.20.0):
    - React-Core
    - React-RCTImage
  - RNShare (8.2.1):
    - React-Core
  - RNSnackbar (2.4.0):
    - React-Core
  - RNSVG (13.9.0):
    - React-Core
  - Yoga (1.14.0)

DEPENDENCIES:
  - boost (from `../node_modules/react-native/third-party-podspecs/boost.podspec`)
  - DoubleConversion (from `../node_modules/react-native/third-party-podspecs/DoubleConversion.podspec`)
  - FBLazyVector (from `../node_modules/react-native/Libraries/FBLazyVector`)
  - FBReactNativeSpec (from `../node_modules/react-native/React/FBReactNativeSpec`)
  - glog (from `../node_modules/react-native/third-party-podspecs/glog.podspec`)
  - hermes-engine (from `../node_modules/react-native/sdks/hermes-engine/hermes-engine.podspec`)
  - libevent (~> 2.1.12)
  - Permission-PhotoLibrary (from `../node_modules/react-native-permissions/ios/PhotoLibrary`)
  - Permission-PhotoLibraryAddOnly (from `../node_modules/react-native-permissions/ios/PhotoLibraryAddOnly`)
  - RCT-Folly (from `../node_modules/react-native/third-party-podspecs/RCT-Folly.podspec`)
  - RCTRequired (from `../node_modules/react-native/Libraries/RCTRequired`)
  - RCTTypeSafety (from `../node_modules/react-native/Libraries/TypeSafety`)
  - React (from `../node_modules/react-native/`)
  - React-callinvoker (from `../node_modules/react-native/ReactCommon/callinvoker`)
  - React-Codegen (from `build/generated/ios`)
  - React-Core (from `../node_modules/react-native/`)
  - React-Core/RCTWebSocket (from `../node_modules/react-native/`)
  - React-CoreModules (from `../node_modules/react-native/React/CoreModules`)
  - React-cxxreact (from `../node_modules/react-native/ReactCommon/cxxreact`)
  - React-hermes (from `../node_modules/react-native/ReactCommon/hermes`)
  - React-jsi (from `../node_modules/react-native/ReactCommon/jsi`)
  - React-jsiexecutor (from `../node_modules/react-native/ReactCommon/jsiexecutor`)
  - React-jsinspector (from `../node_modules/react-native/ReactCommon/jsinspector`)
  - React-logger (from `../node_modules/react-native/ReactCommon/logger`)
  - react-native-biometrics (from `../node_modules/react-native-biometrics`)
  - react-native-blob-util (from `../node_modules/react-native-blob-util`)
  - "react-native-blur (from `../node_modules/@react-native-community/blur`)"
  - "react-native-cameraroll (from `../node_modules/@react-native-camera-roll/camera-roll`)"
  - "react-native-cookies (from `../node_modules/@react-native-cookies/cookies`)"
  - react-native-get-random-values (from `../node_modules/react-native-get-random-values`)
  - react-native-pdf (from `../node_modules/react-native-pdf`)
  - react-native-safe-area-context (from `../node_modules/react-native-safe-area-context`)
  - "react-native-slider (from `../node_modules/@react-native-community/slider`)"
  - react-native-version-number (from `../node_modules/react-native-version-number`)
  - react-native-view-shot (from `../node_modules/react-native-view-shot`)
  - react-native-webview (from `../node_modules/react-native-webview`)
  - React-perflogger (from `../node_modules/react-native/ReactCommon/reactperflogger`)
  - React-RCTActionSheet (from `../node_modules/react-native/Libraries/ActionSheetIOS`)
  - React-RCTAnimation (from `../node_modules/react-native/Libraries/NativeAnimation`)
  - React-RCTAppDelegate (from `../node_modules/react-native/Libraries/AppDelegate`)
  - React-RCTBlob (from `../node_modules/react-native/Libraries/Blob`)
  - React-RCTImage (from `../node_modules/react-native/Libraries/Image`)
  - React-RCTLinking (from `../node_modules/react-native/Libraries/LinkingIOS`)
  - React-RCTNetwork (from `../node_modules/react-native/Libraries/Network`)
  - React-RCTSettings (from `../node_modules/react-native/Libraries/Settings`)
  - React-RCTText (from `../node_modules/react-native/Libraries/Text`)
  - React-RCTVibration (from `../node_modules/react-native/Libraries/Vibration`)
  - React-runtimeexecutor (from `../node_modules/react-native/ReactCommon/runtimeexecutor`)
  - ReactCommon/turbomodule/core (from `../node_modules/react-native/ReactCommon`)
  - "RNCAsyncStorage (from `../node_modules/@react-native-async-storage/async-storage`)"
  - RNDeviceInfo (from `../node_modules/react-native-device-info`)
  - RNDeviceTimeFormat (from `../node_modules/react-native-device-time-format`)
  - RNFS (from `../node_modules/react-native-fs`)
  - RNGestureHandler (from `../node_modules/react-native-gesture-handler`)
  - RNKeychain (from `../node_modules/react-native-keychain`)
  - RNLocalize (from `../node_modules/react-native-localize`)
  - RNPermissions (from `../node_modules/react-native-permissions`)
  - RNReanimated (from `../node_modules/react-native-reanimated`)
  - RNScreens (from `../node_modules/react-native-screens`)
  - RNShare (from `../node_modules/react-native-share`)
  - RNSnackbar (from `../node_modules/react-native-snackbar`)
  - RNSVG (from `../node_modules/react-native-svg`)
  - Yoga (from `../node_modules/react-native/ReactCommon/yoga`)

SPEC REPOS:
  trunk:
    - fmt
    - libevent

EXTERNAL SOURCES:
  boost:
    :podspec: "../node_modules/react-native/third-party-podspecs/boost.podspec"
  DoubleConversion:
    :podspec: "../node_modules/react-native/third-party-podspecs/DoubleConversion.podspec"
  FBLazyVector:
    :path: "../node_modules/react-native/Libraries/FBLazyVector"
  FBReactNativeSpec:
    :path: "../node_modules/react-native/React/FBReactNativeSpec"
  glog:
    :podspec: "../node_modules/react-native/third-party-podspecs/glog.podspec"
  hermes-engine:
    :podspec: "../node_modules/react-native/sdks/hermes-engine/hermes-engine.podspec"
  Permission-PhotoLibrary:
    :path: "../node_modules/react-native-permissions/ios/PhotoLibrary"
  Permission-PhotoLibraryAddOnly:
    :path: "../node_modules/react-native-permissions/ios/PhotoLibraryAddOnly"
  RCT-Folly:
    :podspec: "../node_modules/react-native/third-party-podspecs/RCT-Folly.podspec"
  RCTRequired:
    :path: "../node_modules/react-native/Libraries/RCTRequired"
  RCTTypeSafety:
    :path: "../node_modules/react-native/Libraries/TypeSafety"
  React:
    :path: "../node_modules/react-native/"
  React-callinvoker:
    :path: "../node_modules/react-native/ReactCommon/callinvoker"
  React-Codegen:
    :path: build/generated/ios
  React-Core:
    :path: "../node_modules/react-native/"
  React-CoreModules:
    :path: "../node_modules/react-native/React/CoreModules"
  React-cxxreact:
    :path: "../node_modules/react-native/ReactCommon/cxxreact"
  React-hermes:
    :path: "../node_modules/react-native/ReactCommon/hermes"
  React-jsi:
    :path: "../node_modules/react-native/ReactCommon/jsi"
  React-jsiexecutor:
    :path: "../node_modules/react-native/ReactCommon/jsiexecutor"
  React-jsinspector:
    :path: "../node_modules/react-native/ReactCommon/jsinspector"
  React-logger:
    :path: "../node_modules/react-native/ReactCommon/logger"
  react-native-biometrics:
    :path: "../node_modules/react-native-biometrics"
  react-native-blob-util:
    :path: "../node_modules/react-native-blob-util"
  react-native-blur:
    :path: "../node_modules/@react-native-community/blur"
  react-native-cameraroll:
    :path: "../node_modules/@react-native-camera-roll/camera-roll"
  react-native-cookies:
    :path: "../node_modules/@react-native-cookies/cookies"
  react-native-get-random-values:
    :path: "../node_modules/react-native-get-random-values"
  react-native-pdf:
    :path: "../node_modules/react-native-pdf"
  react-native-safe-area-context:
    :path: "../node_modules/react-native-safe-area-context"
  react-native-slider:
    :path: "../node_modules/@react-native-community/slider"
  react-native-version-number:
    :path: "../node_modules/react-native-version-number"
  react-native-view-shot:
    :path: "../node_modules/react-native-view-shot"
  react-native-webview:
    :path: "../node_modules/react-native-webview"
  React-perflogger:
    :path: "../node_modules/react-native/ReactCommon/reactperflogger"
  React-RCTActionSheet:
    :path: "../node_modules/react-native/Libraries/ActionSheetIOS"
  React-RCTAnimation:
    :path: "../node_modules/react-native/Libraries/NativeAnimation"
  React-RCTAppDelegate:
    :path: "../node_modules/react-native/Libraries/AppDelegate"
  React-RCTBlob:
    :path: "../node_modules/react-native/Libraries/Blob"
  React-RCTImage:
    :path: "../node_modules/react-native/Libraries/Image"
  React-RCTLinking:
    :path: "../node_modules/react-native/Libraries/LinkingIOS"
  React-RCTNetwork:
    :path: "../node_modules/react-native/Libraries/Network"
  React-RCTSettings:
    :path: "../node_modules/react-native/Libraries/Settings"
  React-RCTText:
    :path: "../node_modules/react-native/Libraries/Text"
  React-RCTVibration:
    :path: "../node_modules/react-native/Libraries/Vibration"
  React-runtimeexecutor:
    :path: "../node_modules/react-native/ReactCommon/runtimeexecutor"
  ReactCommon:
    :path: "../node_modules/react-native/ReactCommon"
  RNCAsyncStorage:
    :path: "../node_modules/@react-native-async-storage/async-storage"
  RNDeviceInfo:
    :path: "../node_modules/react-native-device-info"
  RNDeviceTimeFormat:
    :path: "../node_modules/react-native-device-time-format"
  RNFS:
    :path: "../node_modules/react-native-fs"
  RNGestureHandler:
    :path: "../node_modules/react-native-gesture-handler"
  RNKeychain:
    :path: "../node_modules/react-native-keychain"
  RNLocalize:
    :path: "../node_modules/react-native-localize"
  RNPermissions:
    :path: "../node_modules/react-native-permissions"
  RNReanimated:
    :path: "../node_modules/react-native-reanimated"
  RNScreens:
    :path: "../node_modules/react-native-screens"
  RNShare:
    :path: "../node_modules/react-native-share"
  RNSnackbar:
    :path: "../node_modules/react-native-snackbar"
  RNSVG:
    :path: "../node_modules/react-native-svg"
  Yoga:
    :path: "../node_modules/react-native/ReactCommon/yoga"

SPEC CHECKSUMS:
  boost: 57d2868c099736d80fcd648bf211b4431e51a558
  DoubleConversion: 5189b271737e1565bdce30deb4a08d647e3f5f54
  FBLazyVector: a83ceaa8a8581003a623facdb3c44f6d4f342ac5
  FBReactNativeSpec: 85eee79837cb797ab6176f0243a2b40511c09158
  fmt: ff9d55029c625d3757ed641535fd4a75fedc7ce9
  glog: 04b94705f318337d7ead9e6d17c019bd9b1f6b1b
  hermes-engine: b434cea529ad0152c56c7cb6486b0c4c0b23b5de
  libevent: 4049cae6c81cdb3654a443be001fb9bdceff7913
  Permission-PhotoLibrary: 31787bbe77d0d3ae6a5267b8435e4a2e9ef78f1d
  Permission-PhotoLibraryAddOnly: 16c92ad62b802514f3f788e00b298080be996337
  RCT-Folly: 424b8c9a7a0b9ab2886ffe9c3b041ef628fd4fb1
  RCTRequired: 5c6fd63b03abb06947d348dadac51c93e3485bd8
  RCTTypeSafety: 1c66daedd66f674e39ce9f40782f0d490c78b175
  React: e11ca7cdc7aa4ddd7e6a59278b808cfe17ebbd9f
  React-callinvoker: 77a82869505c96945c074b80bbdc8df919646d51
  React-Codegen: 9ee33090c38ab3da3c4dc029924d50fb649f0dfc
  React-Core: 44903e47b428a491f48fd0eae54caddb2ea05ebf
  React-CoreModules: 83d989defdfc82be1f7386f84a56b6509f54ac74
  React-cxxreact: 058e7e6349649eae9cfcdec5854e702b26298932
  React-hermes: ba19a405804b833c9b832c1f2061ad5038bb97f2
  React-jsi: 3fe6f589c9cafbef85ed5a4be7c6dc8edfb4ab54
  React-jsiexecutor: 7894956638ff3e00819dd3f9f6f4a84da38f2409
  React-jsinspector: d5ce2ef3eb8fd30c28389d0bc577918c70821bd6
  React-logger: 9332c3e7b4ef007a0211c0a9868253aac3e1da82
  react-native-biometrics: 352e5a794bfffc46a0c86725ea7dc62deb085bdc
  react-native-blob-util: 99f4d79189252f597fe0d810c57a3733b1b1dea6
  react-native-blur: 50c9feabacbc5f49b61337ebc32192c6be7ec3c3
  react-native-cameraroll: f3050460fe1708378698c16686bfaa5f34099be2
  react-native-cookies: f54fcded06bb0cda05c11d86788020b43528a26c
  react-native-get-random-values: a6ea6a8a65dc93e96e24a11105b1a9c8cfe1d72a
  react-native-pdf: 33c622cbdf776a649929e8b9d1ce2d313347c4fa
  react-native-safe-area-context: 39c2d8be3328df5d437ac1700f4f3a4f75716acc
  react-native-slider: 33b8d190b59d4f67a541061bb91775d53d617d9d
  react-native-version-number: b415bbec6a13f2df62bf978e85bc0d699462f37f
  react-native-view-shot: 705f999ac2a24e4e6c909c0ca65c732ed33ca2ff
  react-native-webview: 5f77c6612654fa517a4ae8252717a65871a7134e
  React-perflogger: 43392072a5b867a504e2b4857606f8fc5a403d7f
  React-RCTActionSheet: c7b67c125bebeda9fb19fc7b200d85cb9d6899c4
  React-RCTAnimation: c2de79906f607986633a7114bee44854e4c7e2f5
  React-RCTAppDelegate: 96bc933c3228a549718a6475c4d3f9dd4bbae98d
  React-RCTBlob: cf72446957310e7da6627a4bdaadf970d3a8f232
  React-RCTImage: c6093f1bf3d67c0428d779b00390617d5bd90699
  React-RCTLinking: 5de47e37937889d22599af4b99d0552bad1b1c3c
  React-RCTNetwork: e7d7077e073b08e5dd486fba3fe87ccad90a9bc4
  React-RCTSettings: 72a04921b2e8fb832da7201a60ffffff2a7c62f7
  React-RCTText: 7123c70fef5367e2121fea37e65b9ad6d3747e54
  React-RCTVibration: 73d201599a64ea14b4e0b8f91b64970979fd92e6
  React-runtimeexecutor: 8692ac548bec648fa121980ccb4304afd136d584
  ReactCommon: 0c43eaeaaee231d7d8dc24fc5a6e4cf2b75bf196
  RNCAsyncStorage: b90b71f45b8b97be43bc4284e71a6af48ac9f547
  RNDeviceInfo: fb81318c9cd5ebe30ebf12bcd046d818c87f9b53
  RNDeviceTimeFormat: a66bbc4c86e0e683c006b90095687c7bb351c983
  RNFS: 4ac0f0ea233904cb798630b3c077808c06931688
  RNGestureHandler: 071d7a9ad81e8b83fe7663b303d132406a7d8f39
  RNKeychain: 840f8e6f13be0576202aefcdffd26a4f54bfe7b5
  RNLocalize: d4b8af4e442d4bcca54e68fc687a2129b4d71a81
  RNPermissions: 215c54462104b3925b412b0fb3c9c497b21c358b
  RNReanimated: f0dd6b881808e635ef0673f89642937d6c141314
  RNScreens: 218801c16a2782546d30bd2026bb625c0302d70f
  RNShare: eaee3dd5a06dad397c7d3b14762007035c5de405
  RNSnackbar: be3333a21a453ccc272f41a8add5a71f7d44dfcd
  RNSVG: 53c661b76829783cdaf9b7a57258f3d3b4c28315
  Yoga: ba09b6b11e6139e3df8229238aa794205ca6a02a

PODFILE CHECKSUM: 8819e4bc13066d0d591747f36bbd478c60e1b764

COCOAPODS: 1.12.0
