PODS:
  - boost (1.76.0)
  - DoubleConversion (1.1.6)
  - FBLazyVector (0.70.1)
  - FBReactNativeSpec (0.70.1):
    - RCT-Folly (= 2021.07.22.00)
    - RCTRequired (= 0.70.1)
    - RCTTypeSafety (= 0.70.1)
    - React-Core (= 0.70.1)
    - React-jsi (= 0.70.1)
    - ReactCommon/turbomodule/core (= 0.70.1)
  - fmt (6.2.1)
  - glog (0.3.5)
  - Permission-PhotoLibrary (3.6.1):
    - RNPermissions
  - Permission-PhotoLibraryAddOnly (3.6.1):
    - RNPermissions
  - RCT-Folly (2021.07.22.00):
    - boost
    - DoubleConversion
    - fmt (~> 6.2.1)
    - glog
    - RCT-Folly/Default (= 2021.07.22.00)
  - RCT-Folly/Default (2021.07.22.00):
    - boost
    - DoubleConversion
    - fmt (~> 6.2.1)
    - glog
  - RCTRequired (0.70.1)
  - RCTTypeSafety (0.70.1):
    - FBLazyVector (= 0.70.1)
    - RCTRequired (= 0.70.1)
    - React-Core (= 0.70.1)
  - React (0.70.1):
    - React-Core (= 0.70.1)
    - React-Core/DevSupport (= 0.70.1)
    - React-Core/RCTWebSocket (= 0.70.1)
    - React-RCTActionSheet (= 0.70.1)
    - React-RCTAnimation (= 0.70.1)
    - React-RCTBlob (= 0.70.1)
    - React-RCTImage (= 0.70.1)
    - React-RCTLinking (= 0.70.1)
    - React-RCTNetwork (= 0.70.1)
    - React-RCTSettings (= 0.70.1)
    - React-RCTText (= 0.70.1)
    - React-RCTVibration (= 0.70.1)
  - React-bridging (0.70.1):
    - RCT-Folly (= 2021.07.22.00)
    - React-jsi (= 0.70.1)
  - React-callinvoker (0.70.1)
  - React-Codegen (0.70.1):
    - FBReactNativeSpec (= 0.70.1)
    - RCT-Folly (= 2021.07.22.00)
    - RCTRequired (= 0.70.1)
    - RCTTypeSafety (= 0.70.1)
    - React-Core (= 0.70.1)
    - React-jsi (= 0.70.1)
    - React-jsiexecutor (= 0.70.1)
    - ReactCommon/turbomodule/core (= 0.70.1)
  - React-Core (0.70.1):
    - glog
    - RCT-Folly (= 2021.07.22.00)
    - React-Core/Default (= 0.70.1)
    - React-cxxreact (= 0.70.1)
    - React-jsi (= 0.70.1)
    - React-jsiexecutor (= 0.70.1)
    - React-perflogger (= 0.70.1)
    - Yoga
  - React-Core/CoreModulesHeaders (0.70.1):
    - glog
    - RCT-Folly (= 2021.07.22.00)
    - React-Core/Default
    - React-cxxreact (= 0.70.1)
    - React-jsi (= 0.70.1)
    - React-jsiexecutor (= 0.70.1)
    - React-perflogger (= 0.70.1)
    - Yoga
  - React-Core/Default (0.70.1):
    - glog
    - RCT-Folly (= 2021.07.22.00)
    - React-cxxreact (= 0.70.1)
    - React-jsi (= 0.70.1)
    - React-jsiexecutor (= 0.70.1)
    - React-perflogger (= 0.70.1)
    - Yoga
  - React-Core/DevSupport (0.70.1):
    - glog
    - RCT-Folly (= 2021.07.22.00)
    - React-Core/Default (= 0.70.1)
    - React-Core/RCTWebSocket (= 0.70.1)
    - React-cxxreact (= 0.70.1)
    - React-jsi (= 0.70.1)
    - React-jsiexecutor (= 0.70.1)
    - React-jsinspector (= 0.70.1)
    - React-perflogger (= 0.70.1)
    - Yoga
  - React-Core/RCTActionSheetHeaders (0.70.1):
    - glog
    - RCT-Folly (= 2021.07.22.00)
    - React-Core/Default
    - React-cxxreact (= 0.70.1)
    - React-jsi (= 0.70.1)
    - React-jsiexecutor (= 0.70.1)
    - React-perflogger (= 0.70.1)
    - Yoga
  - React-Core/RCTAnimationHeaders (0.70.1):
    - glog
    - RCT-Folly (= 2021.07.22.00)
    - React-Core/Default
    - React-cxxreact (= 0.70.1)
    - React-jsi (= 0.70.1)
    - React-jsiexecutor (= 0.70.1)
    - React-perflogger (= 0.70.1)
    - Yoga
  - React-Core/RCTBlobHeaders (0.70.1):
    - glog
    - RCT-Folly (= 2021.07.22.00)
    - React-Core/Default
    - React-cxxreact (= 0.70.1)
    - React-jsi (= 0.70.1)
    - React-jsiexecutor (= 0.70.1)
    - React-perflogger (= 0.70.1)
    - Yoga
  - React-Core/RCTImageHeaders (0.70.1):
    - glog
    - RCT-Folly (= 2021.07.22.00)
    - React-Core/Default
    - React-cxxreact (= 0.70.1)
    - React-jsi (= 0.70.1)
    - React-jsiexecutor (= 0.70.1)
    - React-perflogger (= 0.70.1)
    - Yoga
  - React-Core/RCTLinkingHeaders (0.70.1):
    - glog
    - RCT-Folly (= 2021.07.22.00)
    - React-Core/Default
    - React-cxxreact (= 0.70.1)
    - React-jsi (= 0.70.1)
    - React-jsiexecutor (= 0.70.1)
    - React-perflogger (= 0.70.1)
    - Yoga
  - React-Core/RCTNetworkHeaders (0.70.1):
    - glog
    - RCT-Folly (= 2021.07.22.00)
    - React-Core/Default
    - React-cxxreact (= 0.70.1)
    - React-jsi (= 0.70.1)
    - React-jsiexecutor (= 0.70.1)
    - React-perflogger (= 0.70.1)
    - Yoga
  - React-Core/RCTSettingsHeaders (0.70.1):
    - glog
    - RCT-Folly (= 2021.07.22.00)
    - React-Core/Default
    - React-cxxreact (= 0.70.1)
    - React-jsi (= 0.70.1)
    - React-jsiexecutor (= 0.70.1)
    - React-perflogger (= 0.70.1)
    - Yoga
  - React-Core/RCTTextHeaders (0.70.1):
    - glog
    - RCT-Folly (= 2021.07.22.00)
    - React-Core/Default
    - React-cxxreact (= 0.70.1)
    - React-jsi (= 0.70.1)
    - React-jsiexecutor (= 0.70.1)
    - React-perflogger (= 0.70.1)
    - Yoga
  - React-Core/RCTVibrationHeaders (0.70.1):
    - glog
    - RCT-Folly (= 2021.07.22.00)
    - React-Core/Default
    - React-cxxreact (= 0.70.1)
    - React-jsi (= 0.70.1)
    - React-jsiexecutor (= 0.70.1)
    - React-perflogger (= 0.70.1)
    - Yoga
  - React-Core/RCTWebSocket (0.70.1):
    - glog
    - RCT-Folly (= 2021.07.22.00)
    - React-Core/Default (= 0.70.1)
    - React-cxxreact (= 0.70.1)
    - React-jsi (= 0.70.1)
    - React-jsiexecutor (= 0.70.1)
    - React-perflogger (= 0.70.1)
    - Yoga
  - React-CoreModules (0.70.1):
    - RCT-Folly (= 2021.07.22.00)
    - RCTTypeSafety (= 0.70.1)
    - React-Codegen (= 0.70.1)
    - React-Core/CoreModulesHeaders (= 0.70.1)
    - React-jsi (= 0.70.1)
    - React-RCTImage (= 0.70.1)
    - ReactCommon/turbomodule/core (= 0.70.1)
  - React-cxxreact (0.70.1):
    - boost (= 1.76.0)
    - DoubleConversion
    - glog
    - RCT-Folly (= 2021.07.22.00)
    - React-callinvoker (= 0.70.1)
    - React-jsi (= 0.70.1)
    - React-jsinspector (= 0.70.1)
    - React-logger (= 0.70.1)
    - React-perflogger (= 0.70.1)
    - React-runtimeexecutor (= 0.70.1)
  - React-jsi (0.70.1):
    - boost (= 1.76.0)
    - DoubleConversion
    - glog
    - RCT-Folly (= 2021.07.22.00)
    - React-jsi/Default (= 0.70.1)
  - React-jsi/Default (0.70.1):
    - boost (= 1.76.0)
    - DoubleConversion
    - glog
    - RCT-Folly (= 2021.07.22.00)
  - React-jsiexecutor (0.70.1):
    - DoubleConversion
    - glog
    - RCT-Folly (= 2021.07.22.00)
    - React-cxxreact (= 0.70.1)
    - React-jsi (= 0.70.1)
    - React-perflogger (= 0.70.1)
  - React-jsinspector (0.70.1)
  - React-logger (0.70.1):
    - glog
  - react-native-biometrics (3.0.1):
    - React-Core
  - react-native-blob-util (0.16.2):
    - React-Core
  - react-native-blur (4.2.0):
    - React-Core
  - react-native-cameraroll (5.0.2):
    - React-Core
  - react-native-cookies (6.2.1):
    - React-Core
  - react-native-get-random-values (1.8.0):
    - React-Core
  - react-native-pdf (6.6.2):
    - React-Core
  - react-native-safe-area-context (4.3.4):
    - RCT-Folly
    - RCTRequired
    - RCTTypeSafety
    - React-Core
    - ReactCommon/turbomodule/core
  - react-native-version-number (0.3.6):
    - React
  - react-native-view-shot (3.4.0):
    - React-Core
  - react-native-webview (11.23.1):
    - React-Core
  - React-perflogger (0.70.1)
  - React-RCTActionSheet (0.70.1):
    - React-Core/RCTActionSheetHeaders (= 0.70.1)
  - React-RCTAnimation (0.70.1):
    - RCT-Folly (= 2021.07.22.00)
    - RCTTypeSafety (= 0.70.1)
    - React-Codegen (= 0.70.1)
    - React-Core/RCTAnimationHeaders (= 0.70.1)
    - React-jsi (= 0.70.1)
    - ReactCommon/turbomodule/core (= 0.70.1)
  - React-RCTBlob (0.70.1):
    - RCT-Folly (= 2021.07.22.00)
    - React-Codegen (= 0.70.1)
    - React-Core/RCTBlobHeaders (= 0.70.1)
    - React-Core/RCTWebSocket (= 0.70.1)
    - React-jsi (= 0.70.1)
    - React-RCTNetwork (= 0.70.1)
    - ReactCommon/turbomodule/core (= 0.70.1)
  - React-RCTImage (0.70.1):
    - RCT-Folly (= 2021.07.22.00)
    - RCTTypeSafety (= 0.70.1)
    - React-Codegen (= 0.70.1)
    - React-Core/RCTImageHeaders (= 0.70.1)
    - React-jsi (= 0.70.1)
    - React-RCTNetwork (= 0.70.1)
    - ReactCommon/turbomodule/core (= 0.70.1)
  - React-RCTLinking (0.70.1):
    - React-Codegen (= 0.70.1)
    - React-Core/RCTLinkingHeaders (= 0.70.1)
    - React-jsi (= 0.70.1)
    - ReactCommon/turbomodule/core (= 0.70.1)
  - React-RCTNetwork (0.70.1):
    - RCT-Folly (= 2021.07.22.00)
    - RCTTypeSafety (= 0.70.1)
    - React-Codegen (= 0.70.1)
    - React-Core/RCTNetworkHeaders (= 0.70.1)
    - React-jsi (= 0.70.1)
    - ReactCommon/turbomodule/core (= 0.70.1)
  - React-RCTSettings (0.70.1):
    - RCT-Folly (= 2021.07.22.00)
    - RCTTypeSafety (= 0.70.1)
    - React-Codegen (= 0.70.1)
    - React-Core/RCTSettingsHeaders (= 0.70.1)
    - React-jsi (= 0.70.1)
    - ReactCommon/turbomodule/core (= 0.70.1)
  - React-RCTText (0.70.1):
    - React-Core/RCTTextHeaders (= 0.70.1)
  - React-RCTVibration (0.70.1):
    - RCT-Folly (= 2021.07.22.00)
    - React-Codegen (= 0.70.1)
    - React-Core/RCTVibrationHeaders (= 0.70.1)
    - React-jsi (= 0.70.1)
    - ReactCommon/turbomodule/core (= 0.70.1)
  - React-runtimeexecutor (0.70.1):
    - React-jsi (= 0.70.1)
  - ReactCommon/turbomodule/core (0.70.1):
    - DoubleConversion
    - glog
    - RCT-Folly (= 2021.07.22.00)
    - React-bridging (= 0.70.1)
    - React-callinvoker (= 0.70.1)
    - React-Core (= 0.70.1)
    - React-cxxreact (= 0.70.1)
    - React-jsi (= 0.70.1)
    - React-logger (= 0.70.1)
    - React-perflogger (= 0.70.1)
  - RNCAsyncStorage (1.17.10):
    - React-Core
  - RNDeviceInfo (10.2.0):
    - React-Core
  - RNFS (2.20.0):
    - React-Core
  - RNGestureHandler (2.6.2):
    - React-Core
  - RNKeychain (4.0.5):
    - React
  - RNLocalize (2.2.3):
    - React-Core
  - RNPermissions (3.6.1):
    - React-Core
  - RNReanimated (2.10.0):
    - DoubleConversion
    - FBLazyVector
    - FBReactNativeSpec
    - glog
    - RCT-Folly
    - RCTRequired
    - RCTTypeSafety
    - React-callinvoker
    - React-Core
    - React-Core/DevSupport
    - React-Core/RCTWebSocket
    - React-CoreModules
    - React-cxxreact
    - React-jsi
    - React-jsiexecutor
    - React-jsinspector
    - React-RCTActionSheet
    - React-RCTAnimation
    - React-RCTBlob
    - React-RCTImage
    - React-RCTLinking
    - React-RCTNetwork
    - React-RCTSettings
    - React-RCTText
    - ReactCommon/turbomodule/core
    - Yoga
  - RNScreens (3.17.0):
    - React-Core
    - React-RCTImage
  - RNSnackbar (2.4.0):
    - React-Core
  - RNSVG (13.2.0):
    - React-Core
  - Yoga (1.14.0)

DEPENDENCIES:
  - boost (from `../node_modules/react-native/third-party-podspecs/boost.podspec`)
  - DoubleConversion (from `../node_modules/react-native/third-party-podspecs/DoubleConversion.podspec`)
  - FBLazyVector (from `../node_modules/react-native/Libraries/FBLazyVector`)
  - FBReactNativeSpec (from `../node_modules/react-native/React/FBReactNativeSpec`)
  - glog (from `../node_modules/react-native/third-party-podspecs/glog.podspec`)
  - Permission-PhotoLibrary (from `../node_modules/react-native-permissions/ios/PhotoLibrary`)
  - Permission-PhotoLibraryAddOnly (from `../node_modules/react-native-permissions/ios/PhotoLibraryAddOnly`)
  - RCT-Folly (from `../node_modules/react-native/third-party-podspecs/RCT-Folly.podspec`)
  - RCTRequired (from `../node_modules/react-native/Libraries/RCTRequired`)
  - RCTTypeSafety (from `../node_modules/react-native/Libraries/TypeSafety`)
  - React (from `../node_modules/react-native/`)
  - React-bridging (from `../node_modules/react-native/ReactCommon`)
  - React-callinvoker (from `../node_modules/react-native/ReactCommon/callinvoker`)
  - React-Codegen (from `build/generated/ios`)
  - React-Core (from `../node_modules/react-native/`)
  - React-Core/RCTWebSocket (from `../node_modules/react-native/`)
  - React-CoreModules (from `../node_modules/react-native/React/CoreModules`)
  - React-cxxreact (from `../node_modules/react-native/ReactCommon/cxxreact`)
  - React-jsi (from `../node_modules/react-native/ReactCommon/jsi`)
  - React-jsiexecutor (from `../node_modules/react-native/ReactCommon/jsiexecutor`)
  - React-jsinspector (from `../node_modules/react-native/ReactCommon/jsinspector`)
  - React-logger (from `../node_modules/react-native/ReactCommon/logger`)
  - react-native-biometrics (from `../node_modules/react-native-biometrics`)
  - react-native-blob-util (from `../node_modules/react-native-blob-util`)
  - "react-native-blur (from `../node_modules/@react-native-community/blur`)"
  - "react-native-cameraroll (from `../node_modules/@react-native-camera-roll/camera-roll`)"
  - "react-native-cookies (from `../node_modules/@react-native-cookies/cookies`)"
  - react-native-get-random-values (from `../node_modules/react-native-get-random-values`)
  - react-native-pdf (from `../node_modules/react-native-pdf`)
  - react-native-safe-area-context (from `../node_modules/react-native-safe-area-context`)
  - react-native-version-number (from `../node_modules/react-native-version-number`)
  - react-native-view-shot (from `../node_modules/react-native-view-shot`)
  - react-native-webview (from `../node_modules/react-native-webview`)
  - React-perflogger (from `../node_modules/react-native/ReactCommon/reactperflogger`)
  - React-RCTActionSheet (from `../node_modules/react-native/Libraries/ActionSheetIOS`)
  - React-RCTAnimation (from `../node_modules/react-native/Libraries/NativeAnimation`)
  - React-RCTBlob (from `../node_modules/react-native/Libraries/Blob`)
  - React-RCTImage (from `../node_modules/react-native/Libraries/Image`)
  - React-RCTLinking (from `../node_modules/react-native/Libraries/LinkingIOS`)
  - React-RCTNetwork (from `../node_modules/react-native/Libraries/Network`)
  - React-RCTSettings (from `../node_modules/react-native/Libraries/Settings`)
  - React-RCTText (from `../node_modules/react-native/Libraries/Text`)
  - React-RCTVibration (from `../node_modules/react-native/Libraries/Vibration`)
  - React-runtimeexecutor (from `../node_modules/react-native/ReactCommon/runtimeexecutor`)
  - ReactCommon/turbomodule/core (from `../node_modules/react-native/ReactCommon`)
  - "RNCAsyncStorage (from `../node_modules/@react-native-async-storage/async-storage`)"
  - RNDeviceInfo (from `../node_modules/react-native-device-info`)
  - RNFS (from `../node_modules/react-native-fs`)
  - RNGestureHandler (from `../node_modules/react-native-gesture-handler`)
  - RNKeychain (from `../node_modules/react-native-keychain`)
  - RNLocalize (from `../node_modules/react-native-localize`)
  - RNPermissions (from `../node_modules/react-native-permissions`)
  - RNReanimated (from `../node_modules/react-native-reanimated`)
  - RNScreens (from `../node_modules/react-native-screens`)
  - RNSnackbar (from `../node_modules/react-native-snackbar`)
  - RNSVG (from `../node_modules/react-native-svg`)
  - Yoga (from `../node_modules/react-native/ReactCommon/yoga`)

SPEC REPOS:
  trunk:
    - fmt

EXTERNAL SOURCES:
  boost:
    :podspec: "../node_modules/react-native/third-party-podspecs/boost.podspec"
  DoubleConversion:
    :podspec: "../node_modules/react-native/third-party-podspecs/DoubleConversion.podspec"
  FBLazyVector:
    :path: "../node_modules/react-native/Libraries/FBLazyVector"
  FBReactNativeSpec:
    :path: "../node_modules/react-native/React/FBReactNativeSpec"
  glog:
    :podspec: "../node_modules/react-native/third-party-podspecs/glog.podspec"
  Permission-PhotoLibrary:
    :path: "../node_modules/react-native-permissions/ios/PhotoLibrary"
  Permission-PhotoLibraryAddOnly:
    :path: "../node_modules/react-native-permissions/ios/PhotoLibraryAddOnly"
  RCT-Folly:
    :podspec: "../node_modules/react-native/third-party-podspecs/RCT-Folly.podspec"
  RCTRequired:
    :path: "../node_modules/react-native/Libraries/RCTRequired"
  RCTTypeSafety:
    :path: "../node_modules/react-native/Libraries/TypeSafety"
  React:
    :path: "../node_modules/react-native/"
  React-bridging:
    :path: "../node_modules/react-native/ReactCommon"
  React-callinvoker:
    :path: "../node_modules/react-native/ReactCommon/callinvoker"
  React-Codegen:
    :path: build/generated/ios
  React-Core:
    :path: "../node_modules/react-native/"
  React-CoreModules:
    :path: "../node_modules/react-native/React/CoreModules"
  React-cxxreact:
    :path: "../node_modules/react-native/ReactCommon/cxxreact"
  React-jsi:
    :path: "../node_modules/react-native/ReactCommon/jsi"
  React-jsiexecutor:
    :path: "../node_modules/react-native/ReactCommon/jsiexecutor"
  React-jsinspector:
    :path: "../node_modules/react-native/ReactCommon/jsinspector"
  React-logger:
    :path: "../node_modules/react-native/ReactCommon/logger"
  react-native-biometrics:
    :path: "../node_modules/react-native-biometrics"
  react-native-blob-util:
    :path: "../node_modules/react-native-blob-util"
  react-native-blur:
    :path: "../node_modules/@react-native-community/blur"
  react-native-cameraroll:
    :path: "../node_modules/@react-native-camera-roll/camera-roll"
  react-native-cookies:
    :path: "../node_modules/@react-native-cookies/cookies"
  react-native-get-random-values:
    :path: "../node_modules/react-native-get-random-values"
  react-native-pdf:
    :path: "../node_modules/react-native-pdf"
  react-native-safe-area-context:
    :path: "../node_modules/react-native-safe-area-context"
  react-native-version-number:
    :path: "../node_modules/react-native-version-number"
  react-native-view-shot:
    :path: "../node_modules/react-native-view-shot"
  react-native-webview:
    :path: "../node_modules/react-native-webview"
  React-perflogger:
    :path: "../node_modules/react-native/ReactCommon/reactperflogger"
  React-RCTActionSheet:
    :path: "../node_modules/react-native/Libraries/ActionSheetIOS"
  React-RCTAnimation:
    :path: "../node_modules/react-native/Libraries/NativeAnimation"
  React-RCTBlob:
    :path: "../node_modules/react-native/Libraries/Blob"
  React-RCTImage:
    :path: "../node_modules/react-native/Libraries/Image"
  React-RCTLinking:
    :path: "../node_modules/react-native/Libraries/LinkingIOS"
  React-RCTNetwork:
    :path: "../node_modules/react-native/Libraries/Network"
  React-RCTSettings:
    :path: "../node_modules/react-native/Libraries/Settings"
  React-RCTText:
    :path: "../node_modules/react-native/Libraries/Text"
  React-RCTVibration:
    :path: "../node_modules/react-native/Libraries/Vibration"
  React-runtimeexecutor:
    :path: "../node_modules/react-native/ReactCommon/runtimeexecutor"
  ReactCommon:
    :path: "../node_modules/react-native/ReactCommon"
  RNCAsyncStorage:
    :path: "../node_modules/@react-native-async-storage/async-storage"
  RNDeviceInfo:
    :path: "../node_modules/react-native-device-info"
  RNFS:
    :path: "../node_modules/react-native-fs"
  RNGestureHandler:
    :path: "../node_modules/react-native-gesture-handler"
  RNKeychain:
    :path: "../node_modules/react-native-keychain"
  RNLocalize:
    :path: "../node_modules/react-native-localize"
  RNPermissions:
    :path: "../node_modules/react-native-permissions"
  RNReanimated:
    :path: "../node_modules/react-native-reanimated"
  RNScreens:
    :path: "../node_modules/react-native-screens"
  RNSnackbar:
    :path: "../node_modules/react-native-snackbar"
  RNSVG:
    :path: "../node_modules/react-native-svg"
  Yoga:
    :path: "../node_modules/react-native/ReactCommon/yoga"

SPEC CHECKSUMS:
  boost: a7c83b31436843459a1961bfd74b96033dc77234
  DoubleConversion: 5189b271737e1565bdce30deb4a08d647e3f5f54
  FBLazyVector: d3cdc05875c89782840d2f38e1d6174fab24e4d2
  FBReactNativeSpec: 0612c8f2dbd774414bb778247c6ec6cb05aa4c50
  fmt: ff9d55029c625d3757ed641535fd4a75fedc7ce9
  glog: 04b94705f318337d7ead9e6d17c019bd9b1f6b1b
  Permission-PhotoLibrary: 5b34ca67279f7201ae109cef36f9806a6596002d
  Permission-PhotoLibraryAddOnly: 6dba8924024e239af2e282daa8a88967679b4983
  RCT-Folly: 0080d0a6ebf2577475bda044aa59e2ca1f909cda
  RCTRequired: 1b4e0388c8ad776b2d23f8135926fa4e7ddacdf4
  RCTTypeSafety: 23dc09d6e9ed210fabab031a568bb0194d492385
  React: 8ca78b2619353c251478892f087d007365af8170
  React-bridging: e98ade701d1e8e8e764a5e7a66f1725135a0a8ce
  React-callinvoker: d32c4a1e448799506e9c45ef25ae8ff3c5f77246
  React-Codegen: 642c7cc5e5bd43ef07f275da308d86ff05c0069c
  React-Core: 59487b5839f3ff353bbc847df22fc7f8a42ff421
  React-CoreModules: 62df56334be6c6ef93e1b637284abb782a731318
  React-cxxreact: 5a641acd449213f420ec01f0c912c8433a91c4ba
  React-jsi: 28343c93479aa1380251c450a76a9d6eabacf3cd
  React-jsiexecutor: 47201924064085223b63ec7e3ee9fd40ad8508e8
  React-jsinspector: 1363be638eccfe1aea1b10dd42e632b0397e5ec8
  React-logger: 7bd569e3857d74ed412ce0a5c51f421ff7d4ca7f
  react-native-biometrics: 352e5a794bfffc46a0c86725ea7dc62deb085bdc
  react-native-blob-util: c3b0faecd2919db568e9d552084396f3e50b57c7
  react-native-blur: 3e9c8e8e9f7d17fa1b94e1a0ae9fd816675f5382
  react-native-cameraroll: 4d0cb1c3413d4b7b85beb68a8c14325d887b404c
  react-native-cookies: f54fcded06bb0cda05c11d86788020b43528a26c
  react-native-get-random-values: a6ea6a8a65dc93e96e24a11105b1a9c8cfe1d72a
  react-native-pdf: 33c622cbdf776a649929e8b9d1ce2d313347c4fa
  react-native-safe-area-context: dfe5aa13bee37a0c7e8059d14f72ffc076d120e9
  react-native-version-number: b415bbec6a13f2df62bf978e85bc0d699462f37f
  react-native-view-shot: a60a98a18c72bcaaaf2138f9aab960ae9b0d96c7
  react-native-webview: d33e2db8925d090871ffeb232dfa50cb3a727581
  React-perflogger: 48c6b363e867d64b682e84f80ca45636bd65e19c
  React-RCTActionSheet: 33c74fe5c754835e3715c300618da9aa2f7203fa
  React-RCTAnimation: 2dbf0120d4d1ab7716079b4180f2ca89c465e46b
  React-RCTBlob: ccf17363f809c5030746fdb56641527e6bf9adb7
  React-RCTImage: 88a61b23cd5a6feb8d4436f1e306d9f2ecee3462
  React-RCTLinking: c63a07ce60a6cb7642acebc80a447fb3f1872eba
  React-RCTNetwork: f79b6e7c64e7317d34dec7dcfabd1279a6c1d2e7
  React-RCTSettings: 1ff0f34d41646c7942adea36ab5706320e693756
  React-RCTText: 7cb05abb91cae0ab7841d551e811ccefa3714dbd
  React-RCTVibration: e9164827303fb6a5cf79e4c4af4846a09956b11f
  React-runtimeexecutor: a11d0c2e14140baf1e449264ca9168ae9ae6bbd0
  ReactCommon: 7f86326b92009925c6dcf93f8e825060171c379f
  RNCAsyncStorage: 0c357f3156fcb16c8589ede67cc036330b6698ca
  RNDeviceInfo: 8b83e99e290deaf1bab71673cc636776ef647b6f
  RNFS: 4ac0f0ea233904cb798630b3c077808c06931688
  RNGestureHandler: 4defbd70b2faf3d6761b82fa7880285241762cb0
  RNKeychain: 840f8e6f13be0576202aefcdffd26a4f54bfe7b5
  RNLocalize: a64514b46a01375fdfae9349036b4dc7130333b5
  RNPermissions: dcdb7b99796bbeda6975a6e79ad519c41b251b1c
  RNReanimated: 60e291d42c77752a0f6d6f358387bdf225a87c6e
  RNScreens: 0df01424e9e0ed7827200d6ed1087ddd06c493f9
  RNSnackbar: be3333a21a453ccc272f41a8add5a71f7d44dfcd
  RNSVG: 07037623c36f12e41312730622d5f6b3656227ca
  Yoga: 6c8252e38d65aa387daee699eacf027e055e0b31

PODFILE CHECKSUM: c1206eedf86132848bc5f2d12c87a37edfc6a9d3

COCOAPODS: 1.11.3
